# THIS IS AN AUTOGENERATED FILE. DO NOT EDIT THIS FILE DIRECTLY.
# yarn lockfile v1


"@types/lodash@^4.14.182":
  "integrity" "sha512-/THyiqyQAP9AfARo4pF+aCGcyiQ94tX/Is2I7HofNRqoYLgN1PBoOWu2/zTA5zMxzP5EFutMtWtGAFRKUe961Q=="
  "resolved" "https://registry.npmmirror.com/@types/lodash/-/lodash-4.14.182.tgz"
  "version" "4.14.182"

"big.js@^5.2.2":
  "integrity" "sha512-vyL2OymJxmarO8gxMr0mhChsO9QGwhynfuu4+MHTAW6czfq9humCB7rKpUjDd9YUiDPU4mzpyupFSvOClAwbmQ=="
  "resolved" "https://registry.npmmirror.com/big.js/-/big.js-5.2.2.tgz"
  "version" "5.2.2"

"emojis-list@^3.0.0":
  "integrity" "sha512-/kyM18EfinwXZbno9FyUGeFh87KC8HRQBQGildHZbEuRyWFOmv1U10o9BBp8XVZDVNNuQKyIGIu5ZYAAXJ0V2Q=="
  "resolved" "https://registry.npmmirror.com/emojis-list/-/emojis-list-3.0.0.tgz"
  "version" "3.0.0"

"flow-bin@^0.177.0":
  "integrity" "sha512-hEm9VDf07iGcfjiCaxZAbpp/bRcgPf/Q3f7UucWpMotrM0MmyZ2hCBvhw53XCd3M7+fP8eyZKRvUWtrMqEC/Sg=="
  "resolved" "https://registry.npmmirror.com/flow-bin/-/flow-bin-0.177.0.tgz"
  "version" "0.177.0"

"flow@^0.2.3":
  "integrity" "sha512-CFNnRuX6nsOmEjGvE5RP0zwGoebdU9k+IJJy97HHkc0Xdlyh5EFAmdOznTKhEQkWKWXTJp63bW0TWQZ+sywWRw=="
  "resolved" "https://registry.npmmirror.com/flow/-/flow-0.2.3.tgz"
  "version" "0.2.3"

"json5@^2.1.2":
  "integrity" "sha512-1hqLFMSrGHRHxav9q9gNjJ5EXznIxGVO09xQRrwplcS8qs28pZ8s8hupZAmqDwZUmVZ2Qb2jnyPOWcDH8m8dlA=="
  "resolved" "https://registry.npmmirror.com/json5/-/json5-2.2.1.tgz"
  "version" "2.2.1"

"loader-utils@^2.0.0":
  "integrity" "sha512-TM57VeHptv569d/GKh6TAYdzKblwDNiumOdkFnejjD0XwTH87K90w3O7AiJRqdQoXygvi1VQTJTLGhJl7WqA7A=="
  "resolved" "https://registry.npmmirror.com/loader-utils/-/loader-utils-2.0.2.tgz"
  "version" "2.0.2"
  dependencies:
    "big.js" "^5.2.2"
    "emojis-list" "^3.0.0"
    "json5" "^2.1.2"

"lodash@^4.17.21":
  "integrity" "sha512-v2kDEe57lecTulaDIuNTPy3Ry4gLGJ6Z1O3vE1krgXZNrsQ+LFTGHVxVjcXPs17LhbZVGedAJv8XZ1tvj5FvSg=="
  "resolved" "https://registry.npmmirror.com/lodash/-/lodash-4.17.21.tgz"
  "version" "4.17.21"

"typescript@^4.6.4":
  "integrity" "sha512-9ia/jWHIEbo49HfjrLGfKbZSuWo9iTMwXO+Ca3pRsSpbsMbc7/IU8NKdCZVRRBafVPGnoJeFL76ZOAA84I9fEg=="
  "resolved" "https://registry.npmmirror.com/typescript/-/typescript-4.6.4.tgz"
  "version" "4.6.4"
